// !$*UTF8*$!
{
	archiveVersion = 1;
	classes = {
	};
	objectVersion = 46;
	objects = {

/* Begin PBXBuildFile section */
		0AC993D9746AB3977D211B75947D414F /* Optional (isNilOrEmpty).swift in Sources */ = {isa = PBXBuildFile; fileRef = 72C4E806CB555E76963854AEFEC2150E /* Optional (isNilOrEmpty).swift */; };
		248A3FE78BC86E45DEF63B2C7504AB86 /* AssociationOwner.swift in Sources */ = {isa = PBXBuildFile; fileRef = A29689D1C609A0290FA840B1C47878E3 /* AssociationOwner.swift */; };
		252FB39434BCA316CFDB0A41645BA6CB /* SignificantSpices.framework in Frameworks */ = {isa = PBXBuildFile; fileRef = B88CC5EAE04F668DD5A2ABA31EA54ACE /* SignificantSpices.framework */; };
		2DD197F0BA789947446183729F949D82 /* AssociationOwner.swift in Sources */ = {isa = PBXBuildFile; fileRef = 1053F39F81F80CE878683AF137FF5613 /* AssociationOwner.swift */; };
		312BA8F15D7174A4A31CC9CAEB4795B2 /* Sequence (noneSatisfy).swift in Sources */ = {isa = PBXBuildFile; fileRef = D93191016B3095E74F67D71EE9BBC9B1 /* Sequence (noneSatisfy).swift */; };
		36345A83F74D15E86C745E4F9FEDC51E /* Element in-not_in Collection.swift in Sources */ = {isa = PBXBuildFile; fileRef = C76B520D32F5569CACA3F72F78B77F27 /* Element in-not_in Collection.swift */; };
		37B75079F084B6878B1D694B505F26AE /* Pods_SignificantSpicesTests.framework in Frameworks */ = {isa = PBXBuildFile; fileRef = 1F996EF7EB4B21593CFE79D23607ABBA /* Pods_SignificantSpicesTests.framework */; };
		3F70C4CDFF3F81E3E729FB50BF5D72E3 /* Bool Compound Assignment.swift in Sources */ = {isa = PBXBuildFile; fileRef = 6AA75BE18162D821FB876D9A7FFA0152 /* Bool Compound Assignment.swift */; };
		45A2D2A863DADF2FB81334F301CB956D /* Sequence (firstNfulfilling).swift in Sources */ = {isa = PBXBuildFile; fileRef = 257531F71D7463EA6D2428D9B3754819 /* Sequence (firstNfulfilling).swift */; };
		5065931E5111544BBAAA342E48071B74 /* RangeReplacableCollection (remove) .swift in Sources */ = {isa = PBXBuildFile; fileRef = 24B90D582F525A518FDE35E9096449FB /* RangeReplacableCollection (remove) .swift */; };
		558EB6926C1959593F2A5C8741DCE5CB /* Sequence (forEachWhereDo).swift in Sources */ = {isa = PBXBuildFile; fileRef = D9E29ECD2A5624B351D2081F9C23DEBE /* Sequence (forEachWhereDo).swift */; };
		5F3CAEEB12004BB92F651C3F9E55C7E1 /* Sequence (groupedBy).swift in Sources */ = {isa = PBXBuildFile; fileRef = C7F2A9BFE73C0A940ECA52CE7033D93E /* Sequence (groupedBy).swift */; };
		5FAD50C8E980CF20EB58AD96E67D0A51 /* RangeReplacableCollection (remove).swift in Sources */ = {isa = PBXBuildFile; fileRef = 02796089AA1E6D3D50A494B192C5E412 /* RangeReplacableCollection (remove).swift */; };
		60593FE7AB730F7891530E5B24D38868 /* Set Combinations.swift in Sources */ = {isa = PBXBuildFile; fileRef = 433EC6EBDF037456C440365C93A5E114 /* Set Combinations.swift */; };
		6C9F9CF8354D1E181BC988C532A4BB23 /* Sequence (groupedBy).swift in Sources */ = {isa = PBXBuildFile; fileRef = 11F6AA1BEB3DFD3602B6833F83F1BFFB /* Sequence (groupedBy).swift */; };
		806776E769CEFDD3DA27EA9B43BDCE56 /* Sequence (forEachWhereDo).swift in Sources */ = {isa = PBXBuildFile; fileRef = 3B7BDDF2A4218256578311F76ACBD015 /* Sequence (forEachWhereDo).swift */; };
		832D9DF5F5B2549C3E4FF207359CD27F /* Element in-not_in Collection.swift in Sources */ = {isa = PBXBuildFile; fileRef = 05E3474F79372C16C41036A71944E563 /* Element in-not_in Collection.swift */; };
		84218721ABB954D240345F446FA46E81 /* shortPrint.swift in Sources */ = {isa = PBXBuildFile; fileRef = E3E5CDD5AA539AA26DC41A6A3C025D10 /* shortPrint.swift */; };
		8D8AE10448B13EEB837D4CFFEA66200B /* Set Combinations.swift in Sources */ = {isa = PBXBuildFile; fileRef = 91CAB7E75F12356144B55651E6DE624E /* Set Combinations.swift */; };
		9132C472F830130473B715CDDE77D417 /* Sequence (noneSatisfy).swift in Sources */ = {isa = PBXBuildFile; fileRef = DA05DB1CA4F5CF8E02F01EAE94458271 /* Sequence (noneSatisfy).swift */; };
		9C46C3227EA5D142AED86B86D35C1A27 /* AutomaticLazyOptional.swift in Sources */ = {isa = PBXBuildFile; fileRef = 010483A92E7A743ABBC5D93A65564B77 /* AutomaticLazyOptional.swift */; };
		A201C5566EBD04E9B8267ABED314702B /* Optional String Interpolation.swift in Sources */ = {isa = PBXBuildFile; fileRef = DAA266B0A911180714D2C958ECE81402 /* Optional String Interpolation.swift */; };
		A6E506444C9B6E03115CAFE42F0C8222 /* (T) -> Bool Negation.swift in Sources */ = {isa = PBXBuildFile; fileRef = 14485D49E147342A7AE6BD90BCE62E26 /* (T) -> Bool Negation.swift */; };
		A810B2F084DEB5258A1BEE3E71F7FA2A /* Pods_SignificantSpices.framework in Frameworks */ = {isa = PBXBuildFile; fileRef = 4332FB54B157D2121723BA622DC5398F /* Pods_SignificantSpices.framework */; };
		A8B613A780213864CF792D653F81A65D /* CustomShortStringConvertible.swift in Sources */ = {isa = PBXBuildFile; fileRef = FDF2DC07543499D5E20B2CAE1F098C57 /* CustomShortStringConvertible.swift */; };
		ABB06CD0EAEF0367573B795329B02FDE /* SignificantSpices.h in Headers */ = {isa = PBXBuildFile; fileRef = AB23BE19D6E3B867A63D0979046005EC /* SignificantSpices.h */; settings = {ATTRIBUTES = (Public, ); }; };
		B487EDD5391E3C969BE0A8086220CD23 /* Sequence (firstNfulfilling).swift in Sources */ = {isa = PBXBuildFile; fileRef = 05AB7253074A32D6322D51823F64E024 /* Sequence (firstNfulfilling).swift */; };
		B807F9801D0BAD6236D7A311E1416BF1 /* gcd.swift in Sources */ = {isa = PBXBuildFile; fileRef = E102AC7E989B17FB2DF4EA944C6AE04E /* gcd.swift */; };
		BB5D0A9457A460A8DA1067BCB4008795 /* Collection (safe-subscript).swift in Sources */ = {isa = PBXBuildFile; fileRef = 57DF21D845A5D8E2BB891546FD2EB8B5 /* Collection (safe-subscript).swift */; };
		C095F469CFD56F726E47DBD93A8E71BD /* Optional String Interpolation.swift in Sources */ = {isa = PBXBuildFile; fileRef = 9C7AD0E68B3AEA498398C9FCCD8C8A6B /* Optional String Interpolation.swift */; };
		D9862C2ECCE67D524B656E5E0C770BB8 /* (T) -> Bool Negation.swift in Sources */ = {isa = PBXBuildFile; fileRef = 780566F922290E6A3B77805EB94F7AA5 /* (T) -> Bool Negation.swift */; };
		DCC68DF54A349BDD0741DCB5FB6144E1 /* AutomaticLazyOptional.swift in Sources */ = {isa = PBXBuildFile; fileRef = 29925595007724769618CF29BD72FAEE /* AutomaticLazyOptional.swift */; };
		E86152AA6120872F9C1CCE78326D69C6 /* Sequence (mapToDict).swift in Sources */ = {isa = PBXBuildFile; fileRef = 965F6FAA1269607F2F7ED3637305484C /* Sequence (mapToDict).swift */; };
		E9B75E8ECA6433C13FD787ABCFC6B783 /* Sequence (mapToDict).swift in Sources */ = {isa = PBXBuildFile; fileRef = B135320B8146CA082F00A26D5ACF9719 /* Sequence (mapToDict).swift */; };
		EADD65D3C92F10BCFE8BC374ADDB3D78 /* Bool Compound Assignments.swift in Sources */ = {isa = PBXBuildFile; fileRef = A56B50F1CA7DA6B9E7EF910E5AF0D269 /* Bool Compound Assignments.swift */; };
		EB0480DA3B43BD9DD50B25DDCC089BB8 /* gcd.swift in Sources */ = {isa = PBXBuildFile; fileRef = 1695AADE547C73501244B90BE8CD0FC9 /* gcd.swift */; };
		EFB7CE6B0558756037BEC9F24BBE48FB /* Optional (isNilOrEmpty).swift in Sources */ = {isa = PBXBuildFile; fileRef = B4F481AE386C7E29E47CD9271832A4E7 /* Optional (isNilOrEmpty).swift */; };
		FC7F9DC48515BB7CE759F05FED112968 /* Collection (safe-subscript).swift in Sources */ = {isa = PBXBuildFile; fileRef = 2810505F6A1DDD0449E37700D10F4B3F /* Collection (safe-subscript).swift */; };
/* End PBXBuildFile section */

/* Begin PBXContainerItemProxy section */
		A92C29CB43CDFAD800C93554296ACDBD /* PBXContainerItemProxy */ = {
			isa = PBXContainerItemProxy;
			containerPortal = 06817AF238B0060F18E05F6815AA498F /* Project object */;
			proxyType = 1;
			remoteGlobalIDString = 1269BF55A375A6C5DA75ECF603F1EC08;
			remoteInfo = SignificantSpices;
		};
/* End PBXContainerItemProxy section */

/* Begin PBXFileReference section */
		010483A92E7A743ABBC5D93A65564B77 /* AutomaticLazyOptional.swift */ = {isa = PBXFileReference; lastKnownFileType = sourcecode.swift; path = AutomaticLazyOptional.swift; sourceTree = "<group>"; };
		02796089AA1E6D3D50A494B192C5E412 /* RangeReplacableCollection (remove).swift */ = {isa = PBXFileReference; fileEncoding = 4; lastKnownFileType = sourcecode.swift; path = "RangeReplacableCollection (remove).swift"; sourceTree = "<group>"; };
		05AB7253074A32D6322D51823F64E024 /* Sequence (firstNfulfilling).swift */ = {isa = PBXFileReference; fileEncoding = 4; lastKnownFileType = sourcecode.swift; path = "Sequence (firstNfulfilling).swift"; sourceTree = "<group>"; };
		05E3474F79372C16C41036A71944E563 /* Element in-not_in Collection.swift */ = {isa = PBXFileReference; fileEncoding = 4; lastKnownFileType = sourcecode.swift; path = "Element in-not_in Collection.swift"; sourceTree = "<group>"; };
		1053F39F81F80CE878683AF137FF5613 /* AssociationOwner.swift */ = {isa = PBXFileReference; lastKnownFileType = sourcecode.swift; path = AssociationOwner.swift; sourceTree = "<group>"; };
		11F6AA1BEB3DFD3602B6833F83F1BFFB /* Sequence (groupedBy).swift */ = {isa = PBXFileReference; fileEncoding = 4; lastKnownFileType = sourcecode.swift; path = "Sequence (groupedBy).swift"; sourceTree = "<group>"; };
		14485D49E147342A7AE6BD90BCE62E26 /* (T) -> Bool Negation.swift */ = {isa = PBXFileReference; fileEncoding = 4; lastKnownFileType = sourcecode.swift; path = "(T) -> Bool Negation.swift"; sourceTree = "<group>"; };
		1695AADE547C73501244B90BE8CD0FC9 /* gcd.swift */ = {isa = PBXFileReference; fileEncoding = 4; lastKnownFileType = sourcecode.swift; path = gcd.swift; sourceTree = "<group>"; };
		1EE922369843DBDB5DC5B42B514EAAE0 /* Info.plist */ = {isa = PBXFileReference; lastKnownFileType = text.plist.xml; path = Info.plist; sourceTree = "<group>"; };
		1F996EF7EB4B21593CFE79D23607ABBA /* Pods_SignificantSpicesTests.framework */ = {isa = PBXFileReference; explicitFileType = wrapper.framework; includeInIndex = 0; path = Pods_SignificantSpicesTests.framework; sourceTree = BUILT_PRODUCTS_DIR; };
		24B90D582F525A518FDE35E9096449FB /* RangeReplacableCollection (remove) .swift */ = {isa = PBXFileReference; fileEncoding = 4; lastKnownFileType = sourcecode.swift; path = "RangeReplacableCollection (remove) .swift"; sourceTree = "<group>"; };
		257531F71D7463EA6D2428D9B3754819 /* Sequence (firstNfulfilling).swift */ = {isa = PBXFileReference; fileEncoding = 4; lastKnownFileType = sourcecode.swift; path = "Sequence (firstNfulfilling).swift"; sourceTree = "<group>"; };
		2810505F6A1DDD0449E37700D10F4B3F /* Collection (safe-subscript).swift */ = {isa = PBXFileReference; fileEncoding = 4; lastKnownFileType = sourcecode.swift; path = "Collection (safe-subscript).swift"; sourceTree = "<group>"; };
		29925595007724769618CF29BD72FAEE /* AutomaticLazyOptional.swift */ = {isa = PBXFileReference; lastKnownFileType = sourcecode.swift; path = AutomaticLazyOptional.swift; sourceTree = "<group>"; };
		3B7BDDF2A4218256578311F76ACBD015 /* Sequence (forEachWhereDo).swift */ = {isa = PBXFileReference; lastKnownFileType = sourcecode.swift; path = "Sequence (forEachWhereDo).swift"; sourceTree = "<group>"; };
		4332FB54B157D2121723BA622DC5398F /* Pods_SignificantSpices.framework */ = {isa = PBXFileReference; explicitFileType = wrapper.framework; includeInIndex = 0; path = Pods_SignificantSpices.framework; sourceTree = BUILT_PRODUCTS_DIR; };
		433EC6EBDF037456C440365C93A5E114 /* Set Combinations.swift */ = {isa = PBXFileReference; fileEncoding = 4; lastKnownFileType = sourcecode.swift; path = "Set Combinations.swift"; sourceTree = "<group>"; };
		4469084B5F7D3ECA68156BE199E7596D /* Pods-SignificantSpices.debug.xcconfig */ = {isa = PBXFileReference; includeInIndex = 1; lastKnownFileType = text.xcconfig; name = "Pods-SignificantSpices.debug.xcconfig"; path = "Target Support Files/Pods-SignificantSpices/Pods-SignificantSpices.debug.xcconfig"; sourceTree = "<group>"; };
		4FCAB712E0C0C5F9467523A7B4806058 /* Info.plist */ = {isa = PBXFileReference; lastKnownFileType = text.plist.xml; path = Info.plist; sourceTree = "<group>"; };
		57DF21D845A5D8E2BB891546FD2EB8B5 /* Collection (safe-subscript).swift */ = {isa = PBXFileReference; fileEncoding = 4; lastKnownFileType = sourcecode.swift; path = "Collection (safe-subscript).swift"; sourceTree = "<group>"; };
		6AA75BE18162D821FB876D9A7FFA0152 /* Bool Compound Assignment.swift */ = {isa = PBXFileReference; fileEncoding = 4; lastKnownFileType = sourcecode.swift; path = "Bool Compound Assignment.swift"; sourceTree = "<group>"; };
		72C4E806CB555E76963854AEFEC2150E /* Optional (isNilOrEmpty).swift */ = {isa = PBXFileReference; fileEncoding = 4; lastKnownFileType = sourcecode.swift; path = "Optional (isNilOrEmpty).swift"; sourceTree = "<group>"; };
		780566F922290E6A3B77805EB94F7AA5 /* (T) -> Bool Negation.swift */ = {isa = PBXFileReference; fileEncoding = 4; lastKnownFileType = sourcecode.swift; path = "(T) -> Bool Negation.swift"; sourceTree = "<group>"; };
		91CAB7E75F12356144B55651E6DE624E /* Set Combinations.swift */ = {isa = PBXFileReference; fileEncoding = 4; lastKnownFileType = sourcecode.swift; path = "Set Combinations.swift"; sourceTree = "<group>"; };
		965F6FAA1269607F2F7ED3637305484C /* Sequence (mapToDict).swift */ = {isa = PBXFileReference; lastKnownFileType = sourcecode.swift; path = "Sequence (mapToDict).swift"; sourceTree = "<group>"; };
		9C7AD0E68B3AEA498398C9FCCD8C8A6B /* Optional String Interpolation.swift */ = {isa = PBXFileReference; fileEncoding = 4; lastKnownFileType = sourcecode.swift; path = "Optional String Interpolation.swift"; sourceTree = "<group>"; };
		A29689D1C609A0290FA840B1C47878E3 /* AssociationOwner.swift */ = {isa = PBXFileReference; lastKnownFileType = sourcecode.swift; path = AssociationOwner.swift; sourceTree = "<group>"; };
		A56B50F1CA7DA6B9E7EF910E5AF0D269 /* Bool Compound Assignments.swift */ = {isa = PBXFileReference; fileEncoding = 4; lastKnownFileType = sourcecode.swift; path = "Bool Compound Assignments.swift"; sourceTree = "<group>"; };
		AB23BE19D6E3B867A63D0979046005EC /* SignificantSpices.h */ = {isa = PBXFileReference; lastKnownFileType = sourcecode.c.h; path = SignificantSpices.h; sourceTree = "<group>"; };
		B135320B8146CA082F00A26D5ACF9719 /* Sequence (mapToDict).swift */ = {isa = PBXFileReference; lastKnownFileType = sourcecode.swift; path = "Sequence (mapToDict).swift"; sourceTree = "<group>"; };
		B4F481AE386C7E29E47CD9271832A4E7 /* Optional (isNilOrEmpty).swift */ = {isa = PBXFileReference; fileEncoding = 4; lastKnownFileType = sourcecode.swift; path = "Optional (isNilOrEmpty).swift"; sourceTree = "<group>"; };
		B88CC5EAE04F668DD5A2ABA31EA54ACE /* SignificantSpices.framework */ = {isa = PBXFileReference; explicitFileType = wrapper.framework; includeInIndex = 0; path = SignificantSpices.framework; sourceTree = BUILT_PRODUCTS_DIR; };
		BF92CF8FDA925C867BA680BAE86641E7 /* Pods-SignificantSpicesTests.release.xcconfig */ = {isa = PBXFileReference; includeInIndex = 1; lastKnownFileType = text.xcconfig; name = "Pods-SignificantSpicesTests.release.xcconfig"; path = "Target Support Files/Pods-SignificantSpicesTests/Pods-SignificantSpicesTests.release.xcconfig"; sourceTree = "<group>"; };
		C76B520D32F5569CACA3F72F78B77F27 /* Element in-not_in Collection.swift */ = {isa = PBXFileReference; fileEncoding = 4; lastKnownFileType = sourcecode.swift; path = "Element in-not_in Collection.swift"; sourceTree = "<group>"; };
		C7F2A9BFE73C0A940ECA52CE7033D93E /* Sequence (groupedBy).swift */ = {isa = PBXFileReference; fileEncoding = 4; lastKnownFileType = sourcecode.swift; path = "Sequence (groupedBy).swift"; sourceTree = "<group>"; };
		C952148BBB2362E72B92A6906D6EC7AE /* Pods-SignificantSpicesTests.debug.xcconfig */ = {isa = PBXFileReference; includeInIndex = 1; lastKnownFileType = text.xcconfig; name = "Pods-SignificantSpicesTests.debug.xcconfig"; path = "Target Support Files/Pods-SignificantSpicesTests/Pods-SignificantSpicesTests.debug.xcconfig"; sourceTree = "<group>"; };
		D93191016B3095E74F67D71EE9BBC9B1 /* Sequence (noneSatisfy).swift */ = {isa = PBXFileReference; fileEncoding = 4; lastKnownFileType = sourcecode.swift; path = "Sequence (noneSatisfy).swift"; sourceTree = "<group>"; };
		D9E29ECD2A5624B351D2081F9C23DEBE /* Sequence (forEachWhereDo).swift */ = {isa = PBXFileReference; lastKnownFileType = sourcecode.swift; path = "Sequence (forEachWhereDo).swift"; sourceTree = "<group>"; };
		DA05DB1CA4F5CF8E02F01EAE94458271 /* Sequence (noneSatisfy).swift */ = {isa = PBXFileReference; fileEncoding = 4; lastKnownFileType = sourcecode.swift; path = "Sequence (noneSatisfy).swift"; sourceTree = "<group>"; };
		DAA266B0A911180714D2C958ECE81402 /* Optional String Interpolation.swift */ = {isa = PBXFileReference; fileEncoding = 4; lastKnownFileType = sourcecode.swift; path = "Optional String Interpolation.swift"; sourceTree = "<group>"; };
		E013684E684B20237AD01BD8EC07F482 /* Pods-SignificantSpices.release.xcconfig */ = {isa = PBXFileReference; includeInIndex = 1; lastKnownFileType = text.xcconfig; name = "Pods-SignificantSpices.release.xcconfig"; path = "Target Support Files/Pods-SignificantSpices/Pods-SignificantSpices.release.xcconfig"; sourceTree = "<group>"; };
		E102AC7E989B17FB2DF4EA944C6AE04E /* gcd.swift */ = {isa = PBXFileReference; fileEncoding = 4; lastKnownFileType = sourcecode.swift; path = gcd.swift; sourceTree = "<group>"; };
		E237F779B339D37317197384A5A864CF /* SignificantSpicesTests.xctest */ = {isa = PBXFileReference; explicitFileType = wrapper.cfbundle; includeInIndex = 0; path = SignificantSpicesTests.xctest; sourceTree = BUILT_PRODUCTS_DIR; };
		E3E5CDD5AA539AA26DC41A6A3C025D10 /* shortPrint.swift */ = {isa = PBXFileReference; lastKnownFileType = sourcecode.swift; path = shortPrint.swift; sourceTree = "<group>"; };
		FDF2DC07543499D5E20B2CAE1F098C57 /* CustomShortStringConvertible.swift */ = {isa = PBXFileReference; lastKnownFileType = sourcecode.swift; path = CustomShortStringConvertible.swift; sourceTree = "<group>"; };
/* End PBXFileReference section */

/* Begin PBXFrameworksBuildPhase section */
		6C0DDFB9C158AFF95993FF395DE1E8D0 /* Frameworks */ = {
			isa = PBXFrameworksBuildPhase;
			buildActionMask = 2147483647;
			files = (
				37B75079F084B6878B1D694B505F26AE /* Pods_SignificantSpicesTests.framework in Frameworks */,
				252FB39434BCA316CFDB0A41645BA6CB /* SignificantSpices.framework in Frameworks */,
			);
			runOnlyForDeploymentPostprocessing = 0;
		};
		D8604396B42B178813B77E69C217CECC /* Frameworks */ = {
			isa = PBXFrameworksBuildPhase;
			buildActionMask = 2147483647;
			files = (
				A810B2F084DEB5258A1BEE3E71F7FA2A /* Pods_SignificantSpices.framework in Frameworks */,
			);
			runOnlyForDeploymentPostprocessing = 0;
		};
/* End PBXFrameworksBuildPhase section */

/* Begin PBXGroup section */
		022A7A8677D1DFB31DE48FA1E200AFC5 /* SignificantSpices */ = {
			isa = PBXGroup;
			children = (
				154CFBE020BB876E50EC81EF4A862464 /* Sources */,
				1EE922369843DBDB5DC5B42B514EAAE0 /* Info.plist */,
				AB23BE19D6E3B867A63D0979046005EC /* SignificantSpices.h */,
			);
			path = SignificantSpices;
			sourceTree = "<group>";
		};
		03F07436D7E5FA8CB35F0F831C6B6E20 /* Protocols */ = {
			isa = PBXGroup;
			children = (
				1053F39F81F80CE878683AF137FF5613 /* AssociationOwner.swift */,
			);
			path = Protocols;
			sourceTree = "<group>";
		};
		041C989C002FC52C36AEC8ED57B38C03 /* SwiftExtensions */ = {
			isa = PBXGroup;
			children = (
				E1468A1A983AF1A9FB362DB8315F6743 /* CustomOperators */,
				7E8761BFD617245998A4FD9951DF758D /* Extensions */,
				A5F8D92A527B0868D7DCEDC4FB235286 /* Functions */,
				7133B3E9A03468C9F9BA82CDC3919D28 /* Protocols */,
				63E9B1E37A8DA89C837F23FFEEF90F55 /* Types */,
			);
			path = SwiftExtensions;
			sourceTree = "<group>";
		};
		0454B31C9E450BF95F2F344605290F98 /* Optional */ = {
			isa = PBXGroup;
			children = (
				72C4E806CB555E76963854AEFEC2150E /* Optional (isNilOrEmpty).swift */,
			);
			path = Optional;
			sourceTree = "<group>";
		};
		04A5DFE62D5F7658EB19F8BC49AAC8D6 /* Sequence */ = {
			isa = PBXGroup;
			children = (
				257531F71D7463EA6D2428D9B3754819 /* Sequence (firstNfulfilling).swift */,
				D9E29ECD2A5624B351D2081F9C23DEBE /* Sequence (forEachWhereDo).swift */,
				11F6AA1BEB3DFD3602B6833F83F1BFFB /* Sequence (groupedBy).swift */,
				B135320B8146CA082F00A26D5ACF9719 /* Sequence (mapToDict).swift */,
				DA05DB1CA4F5CF8E02F01EAE94458271 /* Sequence (noneSatisfy).swift */,
			);
			path = Sequence;
			sourceTree = "<group>";
		};
		0CC75CBAD20D55BD130CCB5A95490FBD /* Types */ = {
			isa = PBXGroup;
			children = (
				29925595007724769618CF29BD72FAEE /* AutomaticLazyOptional.swift */,
			);
			path = Types;
			sourceTree = "<group>";
		};
		0CEA0099273EB6879AB42C0B76BCF88E /* Optional */ = {
			isa = PBXGroup;
			children = (
				B4F481AE386C7E29E47CD9271832A4E7 /* Optional (isNilOrEmpty).swift */,
			);
			path = Optional;
			sourceTree = "<group>";
		};
		117343AEADC15013B59824196B8AA190 /* Products */ = {
			isa = PBXGroup;
			children = (
				B88CC5EAE04F668DD5A2ABA31EA54ACE /* SignificantSpices.framework */,
				E237F779B339D37317197384A5A864CF /* SignificantSpicesTests.xctest */,
			);
			name = Products;
			sourceTree = "<group>";
		};
		14F806CE802CE081D6E80081B810ACFC /* RangeReplacableCollection */ = {
			isa = PBXGroup;
			children = (
				24B90D582F525A518FDE35E9096449FB /* RangeReplacableCollection (remove) .swift */,
			);
			path = RangeReplacableCollection;
			sourceTree = "<group>";
		};
		154CFBE020BB876E50EC81EF4A862464 /* Sources */ = {
			isa = PBXGroup;
			children = (
				67384CDF42CA17D7A9048BD208F5A898 /* ObjectiveCExtensions */,
				041C989C002FC52C36AEC8ED57B38C03 /* SwiftExtensions */,
			);
			path = Sources;
			sourceTree = "<group>";
		};
		51197E025018DE851BF9F86F0EF75909 = {
			isa = PBXGroup;
			children = (
				7B21558072D46F1283F6A798D53F2339 /* Frameworks */,
				A2DD2BE31A99A5BD0418038BC946B39F /* Pods */,
				117343AEADC15013B59824196B8AA190 /* Products */,
				022A7A8677D1DFB31DE48FA1E200AFC5 /* SignificantSpices */,
				5FDCC4404EE92CAA91B282136ED9615A /* SignificantSpicesTests */,
			);
			sourceTree = "<group>";
		};
		5FDCC4404EE92CAA91B282136ED9615A /* SignificantSpicesTests */ = {
			isa = PBXGroup;
			children = (
				77CCF2D8FBD953D415F351CE6BABC3F4 /* ObjectiveCExtensions */,
				9A18CC7B833C53AEB8ABDE71D5780CE6 /* SwiftExtensions */,
				4FCAB712E0C0C5F9467523A7B4806058 /* Info.plist */,
			);
			path = SignificantSpicesTests;
			sourceTree = "<group>";
		};
		606D02ED1819304A5D45AD9FCE572C34 /* Collection */ = {
			isa = PBXGroup;
			children = (
				57DF21D845A5D8E2BB891546FD2EB8B5 /* Collection (safe-subscript).swift */,
			);
			path = Collection;
			sourceTree = "<group>";
		};
		63E9B1E37A8DA89C837F23FFEEF90F55 /* Types */ = {
			isa = PBXGroup;
			children = (
				010483A92E7A743ABBC5D93A65564B77 /* AutomaticLazyOptional.swift */,
			);
			path = Types;
			sourceTree = "<group>";
		};
		67384CDF42CA17D7A9048BD208F5A898 /* ObjectiveCExtensions */ = {
			isa = PBXGroup;
			children = (
				866B8E6FCC3775D92B0F11C3D6C5E50B /* Protocols */,
			);
			path = ObjectiveCExtensions;
			sourceTree = "<group>";
		};
		6E892EE25D340E5983CD927681957491 /* Collection */ = {
			isa = PBXGroup;
			children = (
				2810505F6A1DDD0449E37700D10F4B3F /* Collection (safe-subscript).swift */,
			);
			path = Collection;
			sourceTree = "<group>";
		};
		7133B3E9A03468C9F9BA82CDC3919D28 /* Protocols */ = {
			isa = PBXGroup;
			children = (
				FDF2DC07543499D5E20B2CAE1F098C57 /* CustomShortStringConvertible.swift */,
			);
			path = Protocols;
			sourceTree = "<group>";
		};
		77CCF2D8FBD953D415F351CE6BABC3F4 /* ObjectiveCExtensions */ = {
			isa = PBXGroup;
			children = (
				03F07436D7E5FA8CB35F0F831C6B6E20 /* Protocols */,
			);
			path = ObjectiveCExtensions;
			sourceTree = "<group>";
		};
		7B21558072D46F1283F6A798D53F2339 /* Frameworks */ = {
			isa = PBXGroup;
			children = (
				4332FB54B157D2121723BA622DC5398F /* Pods_SignificantSpices.framework */,
				1F996EF7EB4B21593CFE79D23607ABBA /* Pods_SignificantSpicesTests.framework */,
			);
			name = Frameworks;
			sourceTree = "<group>";
		};
		7E8761BFD617245998A4FD9951DF758D /* Extensions */ = {
			isa = PBXGroup;
			children = (
				6E892EE25D340E5983CD927681957491 /* Collection */,
				0454B31C9E450BF95F2F344605290F98 /* Optional */,
				ABECA33409F9A273A0256D91C4463597 /* RangeReplacableCollection */,
				843D2CA4D94B1FD84603638B26551306 /* Sequence */,
			);
			path = Extensions;
			sourceTree = "<group>";
		};
		843D2CA4D94B1FD84603638B26551306 /* Sequence */ = {
			isa = PBXGroup;
			children = (
				05AB7253074A32D6322D51823F64E024 /* Sequence (firstNfulfilling).swift */,
				3B7BDDF2A4218256578311F76ACBD015 /* Sequence (forEachWhereDo).swift */,
				C7F2A9BFE73C0A940ECA52CE7033D93E /* Sequence (groupedBy).swift */,
				965F6FAA1269607F2F7ED3637305484C /* Sequence (mapToDict).swift */,
				D93191016B3095E74F67D71EE9BBC9B1 /* Sequence (noneSatisfy).swift */,
			);
			path = Sequence;
			sourceTree = "<group>";
		};
		858CF9DD255B939672F8FED6FC362E41 /* CustomOperators */ = {
			isa = PBXGroup;
			children = (
				14485D49E147342A7AE6BD90BCE62E26 /* (T) -> Bool Negation.swift */,
				6AA75BE18162D821FB876D9A7FFA0152 /* Bool Compound Assignment.swift */,
				C76B520D32F5569CACA3F72F78B77F27 /* Element in-not_in Collection.swift */,
				9C7AD0E68B3AEA498398C9FCCD8C8A6B /* Optional String Interpolation.swift */,
				91CAB7E75F12356144B55651E6DE624E /* Set Combinations.swift */,
			);
			path = CustomOperators;
			sourceTree = "<group>";
		};
		866B8E6FCC3775D92B0F11C3D6C5E50B /* Protocols */ = {
			isa = PBXGroup;
			children = (
				A29689D1C609A0290FA840B1C47878E3 /* AssociationOwner.swift */,
			);
			path = Protocols;
			sourceTree = "<group>";
		};
		9A18CC7B833C53AEB8ABDE71D5780CE6 /* SwiftExtensions */ = {
			isa = PBXGroup;
			children = (
				858CF9DD255B939672F8FED6FC362E41 /* CustomOperators */,
				EFDCB05A237FD189C2400F9B8482C818 /* Extensions */,
				CA31FD21DCC243082FCABF7B36CE5AFC /* Functions */,
				0CC75CBAD20D55BD130CCB5A95490FBD /* Types */,
			);
			path = SwiftExtensions;
			sourceTree = "<group>";
		};
		A2DD2BE31A99A5BD0418038BC946B39F /* Pods */ = {
			isa = PBXGroup;
			children = (
				4469084B5F7D3ECA68156BE199E7596D /* Pods-SignificantSpices.debug.xcconfig */,
				E013684E684B20237AD01BD8EC07F482 /* Pods-SignificantSpices.release.xcconfig */,
				C952148BBB2362E72B92A6906D6EC7AE /* Pods-SignificantSpicesTests.debug.xcconfig */,
				BF92CF8FDA925C867BA680BAE86641E7 /* Pods-SignificantSpicesTests.release.xcconfig */,
			);
			path = Pods;
			sourceTree = "<group>";
		};
		A5F8D92A527B0868D7DCEDC4FB235286 /* Functions */ = {
			isa = PBXGroup;
			children = (
				1695AADE547C73501244B90BE8CD0FC9 /* gcd.swift */,
				E3E5CDD5AA539AA26DC41A6A3C025D10 /* shortPrint.swift */,
			);
			path = Functions;
			sourceTree = "<group>";
		};
		ABECA33409F9A273A0256D91C4463597 /* RangeReplacableCollection */ = {
			isa = PBXGroup;
			children = (
				02796089AA1E6D3D50A494B192C5E412 /* RangeReplacableCollection (remove).swift */,
			);
			path = RangeReplacableCollection;
			sourceTree = "<group>";
		};
		CA31FD21DCC243082FCABF7B36CE5AFC /* Functions */ = {
			isa = PBXGroup;
			children = (
				E102AC7E989B17FB2DF4EA944C6AE04E /* gcd.swift */,
			);
			path = Functions;
			sourceTree = "<group>";
		};
		E1468A1A983AF1A9FB362DB8315F6743 /* CustomOperators */ = {
			isa = PBXGroup;
			children = (
				780566F922290E6A3B77805EB94F7AA5 /* (T) -> Bool Negation.swift */,
				A56B50F1CA7DA6B9E7EF910E5AF0D269 /* Bool Compound Assignments.swift */,
				05E3474F79372C16C41036A71944E563 /* Element in-not_in Collection.swift */,
				DAA266B0A911180714D2C958ECE81402 /* Optional String Interpolation.swift */,
				433EC6EBDF037456C440365C93A5E114 /* Set Combinations.swift */,
			);
			path = CustomOperators;
			sourceTree = "<group>";
		};
		EFDCB05A237FD189C2400F9B8482C818 /* Extensions */ = {
			isa = PBXGroup;
			children = (
				606D02ED1819304A5D45AD9FCE572C34 /* Collection */,
				0CEA0099273EB6879AB42C0B76BCF88E /* Optional */,
				14F806CE802CE081D6E80081B810ACFC /* RangeReplacableCollection */,
				04A5DFE62D5F7658EB19F8BC49AAC8D6 /* Sequence */,
			);
			path = Extensions;
			sourceTree = "<group>";
		};
/* End PBXGroup section */

/* Begin PBXHeadersBuildPhase section */
		04D8E8FBBCFF58632E493C2A8AED27C0 /* Headers */ = {
			isa = PBXHeadersBuildPhase;
			buildActionMask = 2147483647;
			files = (
				ABB06CD0EAEF0367573B795329B02FDE /* SignificantSpices.h in Headers */,
			);
			runOnlyForDeploymentPostprocessing = 0;
		};
/* End PBXHeadersBuildPhase section */

/* Begin PBXNativeTarget section */
		1269BF55A375A6C5DA75ECF603F1EC08 /* SignificantSpices */ = {
			isa = PBXNativeTarget;
			buildConfigurationList = 55E428B837591F1514C40C89E5794A6E /* Build configuration list for PBXNativeTarget "SignificantSpices" */;
			buildPhases = (
				AA30C84B9A2ED184D5850C0429B0673E /* [CP] Check Pods Manifest.lock */,
				2230D97AEBEAEDB888CE134E67108AE1 /* [Custom] Generate Warnings from TODOs/FIXMEs/etc */,
				57191F5F907AC7911D6E9B5153AAB405 /* Sources */,
				D8604396B42B178813B77E69C217CECC /* Frameworks */,
				04D8E8FBBCFF58632E493C2A8AED27C0 /* Headers */,
				6B86F5E62113CB2FFC4000B23A11709D /* Resources */,
			);
			buildRules = (
			);
			dependencies = (
			);
			name = SignificantSpices;
			productName = SignificantSpices;
			productReference = B88CC5EAE04F668DD5A2ABA31EA54ACE /* SignificantSpices.framework */;
			productType = "com.apple.product-type.framework";
		};
		FCC79E8EC26B3682D7856667903A1794 /* SignificantSpicesTests */ = {
			isa = PBXNativeTarget;
			buildConfigurationList = 559A49316E0DEBF4D41E13AC6BCBE4FE /* Build configuration list for PBXNativeTarget "SignificantSpicesTests" */;
			buildPhases = (
				3A3C958503A8079EC524C05E51A798C9 /* [CP] Check Pods Manifest.lock */,
				5CF0DCE1C53E87B67E142646DE8E4CEE /* Sources */,
				6C0DDFB9C158AFF95993FF395DE1E8D0 /* Frameworks */,
				638F344960F730B745E677C724ACFE4D /* Resources */,
			);
			buildRules = (
			);
			dependencies = (
				5468ECB1655C90390EF61152162C8D2A /* PBXTargetDependency */,
			);
			name = SignificantSpicesTests;
			productName = SignificantSpicesTests;
			productReference = E237F779B339D37317197384A5A864CF /* SignificantSpicesTests.xctest */;
			productType = "com.apple.product-type.bundle.unit-test";
		};
/* End PBXNativeTarget section */

/* Begin PBXProject section */
		06817AF238B0060F18E05F6815AA498F /* Project object */ = {
			isa = PBXProject;
			attributes = {
				LastSwiftUpdateCheck = 0830;
				LastUpgradeCheck = 1250;
				ORGANIZATIONNAME = resmio;
				TargetAttributes = {
					1269BF55A375A6C5DA75ECF603F1EC08 = {
						CreatedOnToolsVersion = 8.3.3;
						DevelopmentTeam = 56W9E3974K;
						LastSwiftMigration = 1020;
						ProvisioningStyle = Automatic;
					};
					FCC79E8EC26B3682D7856667903A1794 = {
						CreatedOnToolsVersion = 8.3.3;
						DevelopmentTeam = 56W9E3974K;
						LastSwiftMigration = 1020;
						ProvisioningStyle = Automatic;
					};
				};
			};
			buildConfigurationList = D4C45C6DA1FAD580F4F0C61CEA27E459 /* Build configuration list for PBXProject "SignificantSpices" */;
			compatibilityVersion = "Xcode 3.2";
			developmentRegion = en;
			hasScannedForEncodings = 0;
			knownRegions = (
				en,
				Base,
			);
			mainGroup = 51197E025018DE851BF9F86F0EF75909;
			productRefGroup = 117343AEADC15013B59824196B8AA190 /* Products */;
			projectDirPath = "";
			projectRoot = "";
			targets = (
				1269BF55A375A6C5DA75ECF603F1EC08 /* SignificantSpices */,
				FCC79E8EC26B3682D7856667903A1794 /* SignificantSpicesTests */,
			);
		};
/* End PBXProject section */

/* Begin PBXResourcesBuildPhase section */
		638F344960F730B745E677C724ACFE4D /* Resources */ = {
			isa = PBXResourcesBuildPhase;
			buildActionMask = 2147483647;
			files = (
			);
			runOnlyForDeploymentPostprocessing = 0;
		};
		6B86F5E62113CB2FFC4000B23A11709D /* Resources */ = {
			isa = PBXResourcesBuildPhase;
			buildActionMask = 2147483647;
			files = (
			);
			runOnlyForDeploymentPostprocessing = 0;
		};
/* End PBXResourcesBuildPhase section */

/* Begin PBXShellScriptBuildPhase section */
		2230D97AEBEAEDB888CE134E67108AE1 /* [Custom] Generate Warnings from TODOs/FIXMEs/etc */ = {
			isa = PBXShellScriptBuildPhase;
			buildActionMask = 2147483647;
			files = (
			);
			inputPaths = (
			);
			name = "[Custom] Generate Warnings from TODOs/FIXMEs/etc";
			outputPaths = (
			);
			runOnlyForDeploymentPostprocessing = 0;
			shellPath = /bin/sh;
			shellScript = "KEYWORDS=\"\\/\\/ ERROR:|\\/\\/ WARNING:|\\/\\/ TODO:|\\/\\/ FIXME:|\\/\\/ \\?\\?\\?:|\\/\\/ \\!\\!\\!:|\\/\\/ LOCALIZE\"\necho \"Scanning project for $KEYWORDS ...\"\nfind \"${SRCROOT}/SignificantSpices/\" \\( -name \"*.h\" -or -name \"*.m\" -or -name \"*.swift\" \\) -print0 | xargs -0 egrep --with-filename --line-number --only-matching \"($KEYWORDS).*\\$\" | perl -p -e \"s/($KEYWORDS)/ warning: \\$1/\"\n";
		};
		3A3C958503A8079EC524C05E51A798C9 /* [CP] Check Pods Manifest.lock */ = {
			isa = PBXShellScriptBuildPhase;
			buildActionMask = 2147483647;
			files = (
			);
			inputFileListPaths = (
			);
			inputPaths = (
				"${PODS_PODFILE_DIR_PATH}/Podfile.lock",
				"${PODS_ROOT}/Manifest.lock",
			);
			name = "[CP] Check Pods Manifest.lock";
			outputFileListPaths = (
			);
			outputPaths = (
				"$(DERIVED_FILE_DIR)/Pods-SignificantSpicesTests-checkManifestLockResult.txt",
			);
			runOnlyForDeploymentPostprocessing = 0;
			shellPath = /bin/sh;
			shellScript = "diff \"${PODS_PODFILE_DIR_PATH}/Podfile.lock\" \"${PODS_ROOT}/Manifest.lock\" > /dev/null\nif [ $? != 0 ] ; then\n    # print error to STDERR\n    echo \"error: The sandbox is not in sync with the Podfile.lock. Run 'pod install' or update your CocoaPods installation.\" >&2\n    exit 1\nfi\n# This output is used by Xcode 'outputs' to avoid re-running this script phase.\necho \"SUCCESS\" > \"${SCRIPT_OUTPUT_FILE_0}\"\n";
			showEnvVarsInLog = 0;
		};
		AA30C84B9A2ED184D5850C0429B0673E /* [CP] Check Pods Manifest.lock */ = {
			isa = PBXShellScriptBuildPhase;
			buildActionMask = 2147483647;
			files = (
			);
			inputFileListPaths = (
			);
			inputPaths = (
				"${PODS_PODFILE_DIR_PATH}/Podfile.lock",
				"${PODS_ROOT}/Manifest.lock",
			);
			name = "[CP] Check Pods Manifest.lock";
			outputFileListPaths = (
			);
			outputPaths = (
				"$(DERIVED_FILE_DIR)/Pods-SignificantSpices-checkManifestLockResult.txt",
			);
			runOnlyForDeploymentPostprocessing = 0;
			shellPath = /bin/sh;
			shellScript = "diff \"${PODS_PODFILE_DIR_PATH}/Podfile.lock\" \"${PODS_ROOT}/Manifest.lock\" > /dev/null\nif [ $? != 0 ] ; then\n    # print error to STDERR\n    echo \"error: The sandbox is not in sync with the Podfile.lock. Run 'pod install' or update your CocoaPods installation.\" >&2\n    exit 1\nfi\n# This output is used by Xcode 'outputs' to avoid re-running this script phase.\necho \"SUCCESS\" > \"${SCRIPT_OUTPUT_FILE_0}\"\n";
			showEnvVarsInLog = 0;
		};
/* End PBXShellScriptBuildPhase section */

/* Begin PBXSourcesBuildPhase section */
		57191F5F907AC7911D6E9B5153AAB405 /* Sources */ = {
			isa = PBXSourcesBuildPhase;
			buildActionMask = 2147483647;
			files = (
				D9862C2ECCE67D524B656E5E0C770BB8 /* (T) -> Bool Negation.swift in Sources */,
				248A3FE78BC86E45DEF63B2C7504AB86 /* AssociationOwner.swift in Sources */,
				9C46C3227EA5D142AED86B86D35C1A27 /* AutomaticLazyOptional.swift in Sources */,
				EADD65D3C92F10BCFE8BC374ADDB3D78 /* Bool Compound Assignments.swift in Sources */,
				FC7F9DC48515BB7CE759F05FED112968 /* Collection (safe-subscript).swift in Sources */,
				A8B613A780213864CF792D653F81A65D /* CustomShortStringConvertible.swift in Sources */,
				832D9DF5F5B2549C3E4FF207359CD27F /* Element in-not_in Collection.swift in Sources */,
				0AC993D9746AB3977D211B75947D414F /* Optional (isNilOrEmpty).swift in Sources */,
				A201C5566EBD04E9B8267ABED314702B /* Optional String Interpolation.swift in Sources */,
				5FAD50C8E980CF20EB58AD96E67D0A51 /* RangeReplacableCollection (remove).swift in Sources */,
				B487EDD5391E3C969BE0A8086220CD23 /* Sequence (firstNfulfilling).swift in Sources */,
				806776E769CEFDD3DA27EA9B43BDCE56 /* Sequence (forEachWhereDo).swift in Sources */,
				5F3CAEEB12004BB92F651C3F9E55C7E1 /* Sequence (groupedBy).swift in Sources */,
				E86152AA6120872F9C1CCE78326D69C6 /* Sequence (mapToDict).swift in Sources */,
				312BA8F15D7174A4A31CC9CAEB4795B2 /* Sequence (noneSatisfy).swift in Sources */,
				60593FE7AB730F7891530E5B24D38868 /* Set Combinations.swift in Sources */,
				EB0480DA3B43BD9DD50B25DDCC089BB8 /* gcd.swift in Sources */,
				84218721ABB954D240345F446FA46E81 /* shortPrint.swift in Sources */,
			);
			runOnlyForDeploymentPostprocessing = 0;
		};
		5CF0DCE1C53E87B67E142646DE8E4CEE /* Sources */ = {
			isa = PBXSourcesBuildPhase;
			buildActionMask = 2147483647;
			files = (
				A6E506444C9B6E03115CAFE42F0C8222 /* (T) -> Bool Negation.swift in Sources */,
				2DD197F0BA789947446183729F949D82 /* AssociationOwner.swift in Sources */,
				DCC68DF54A349BDD0741DCB5FB6144E1 /* AutomaticLazyOptional.swift in Sources */,
				3F70C4CDFF3F81E3E729FB50BF5D72E3 /* Bool Compound Assignment.swift in Sources */,
				BB5D0A9457A460A8DA1067BCB4008795 /* Collection (safe-subscript).swift in Sources */,
				36345A83F74D15E86C745E4F9FEDC51E /* Element in-not_in Collection.swift in Sources */,
				EFB7CE6B0558756037BEC9F24BBE48FB /* Optional (isNilOrEmpty).swift in Sources */,
				C095F469CFD56F726E47DBD93A8E71BD /* Optional String Interpolation.swift in Sources */,
				5065931E5111544BBAAA342E48071B74 /* RangeReplacableCollection (remove) .swift in Sources */,
				45A2D2A863DADF2FB81334F301CB956D /* Sequence (firstNfulfilling).swift in Sources */,
				558EB6926C1959593F2A5C8741DCE5CB /* Sequence (forEachWhereDo).swift in Sources */,
				6C9F9CF8354D1E181BC988C532A4BB23 /* Sequence (groupedBy).swift in Sources */,
				E9B75E8ECA6433C13FD787ABCFC6B783 /* Sequence (mapToDict).swift in Sources */,
				9132C472F830130473B715CDDE77D417 /* Sequence (noneSatisfy).swift in Sources */,
				8D8AE10448B13EEB837D4CFFEA66200B /* Set Combinations.swift in Sources */,
				B807F9801D0BAD6236D7A311E1416BF1 /* gcd.swift in Sources */,
			);
			runOnlyForDeploymentPostprocessing = 0;
		};
/* End PBXSourcesBuildPhase section */

/* Begin PBXTargetDependency section */
		5468ECB1655C90390EF61152162C8D2A /* PBXTargetDependency */ = {
			isa = PBXTargetDependency;
			target = 1269BF55A375A6C5DA75ECF603F1EC08 /* SignificantSpices */;
			targetProxy = A92C29CB43CDFAD800C93554296ACDBD /* PBXContainerItemProxy */;
		};
/* End PBXTargetDependency section */

/* Begin XCBuildConfiguration section */
		185BFAF706BA45E63D0220216B3C27E6 /* Debug */ = {
			isa = XCBuildConfiguration;
			baseConfigurationReference = 4469084B5F7D3ECA68156BE199E7596D /* Pods-SignificantSpices.debug.xcconfig */;
			buildSettings = {
				CLANG_ENABLE_MODULES = YES;
				CODE_SIGN_IDENTITY = "";
				CURRENT_PROJECT_VERSION = 0.15.0;
				DEFINES_MODULE = YES;
				DEVELOPMENT_TEAM = 56W9E3974K;
				DYLIB_INSTALL_NAME_BASE = "@rpath";
				INFOPLIST_FILE = SignificantSpices/Info.plist;
				INSTALL_PATH = "$(LOCAL_LIBRARY_DIR)/Frameworks";
				LD_RUNPATH_SEARCH_PATHS = "$(inherited) @executable_path/Frameworks @loader_path/Frameworks";
				MARKETING_VERSION = 0.15.0;
				PRODUCT_BUNDLE_IDENTIFIER = resmio.SignificantSpices;
				PRODUCT_NAME = "$(TARGET_NAME)";
				SKIP_INSTALL = YES;
				SWIFT_OPTIMIZATION_LEVEL = "-Onone";
			};
			name = Debug;
		};
		8FF51EFB18BE0F1B393EA69403D78606 /* Debug */ = {
			isa = XCBuildConfiguration;
			buildSettings = {
				ALWAYS_SEARCH_USER_PATHS = NO;
				CLANG_ANALYZER_LOCALIZABILITY_NONLOCALIZED = YES;
				CLANG_ANALYZER_NONNULL = YES;
				CLANG_ANALYZER_NUMBER_OBJECT_CONVERSION = YES_AGGRESSIVE;
				CLANG_CXX_LANGUAGE_STANDARD = "gnu++0x";
				CLANG_CXX_LIBRARY = "libc++";
				CLANG_ENABLE_MODULES = YES;
				CLANG_ENABLE_OBJC_ARC = YES;
				CLANG_WARN_BLOCK_CAPTURE_AUTORELEASING = YES;
				CLANG_WARN_BOOL_CONVERSION = YES;
				CLANG_WARN_COMMA = YES;
				CLANG_WARN_CONSTANT_CONVERSION = YES;
				CLANG_WARN_DEPRECATED_OBJC_IMPLEMENTATIONS = YES;
				CLANG_WARN_DIRECT_OBJC_ISA_USAGE = YES_ERROR;
				CLANG_WARN_DOCUMENTATION_COMMENTS = YES;
				CLANG_WARN_EMPTY_BODY = YES;
				CLANG_WARN_ENUM_CONVERSION = YES;
				CLANG_WARN_INFINITE_RECURSION = YES;
				CLANG_WARN_INT_CONVERSION = YES;
				CLANG_WARN_NON_LITERAL_NULL_CONVERSION = YES;
				CLANG_WARN_OBJC_IMPLICIT_RETAIN_SELF = YES;
				CLANG_WARN_OBJC_LITERAL_CONVERSION = YES;
				CLANG_WARN_OBJC_ROOT_CLASS = YES_ERROR;
				CLANG_WARN_QUOTED_INCLUDE_IN_FRAMEWORK_HEADER = YES;
				CLANG_WARN_RANGE_LOOP_ANALYSIS = YES;
				CLANG_WARN_STRICT_PROTOTYPES = YES;
				CLANG_WARN_SUSPICIOUS_MOVE = YES;
				CLANG_WARN_UNREACHABLE_CODE = YES;
				CLANG_WARN__DUPLICATE_METHOD_MATCH = YES;
				"CODE_SIGN_IDENTITY[sdk=iphoneos*]" = "iPhone Developer";
				COPY_PHASE_STRIP = NO;
				CURRENT_PROJECT_VERSION = 0.15.6;
				DEBUG_INFORMATION_FORMAT = dwarf;
				DYLIB_COMPATIBILITY_VERSION = 0.15.6;
				DYLIB_CURRENT_VERSION = 0.15.6;
				ENABLE_STRICT_OBJC_MSGSEND = YES;
				ENABLE_TESTABILITY = YES;
				GCC_C_LANGUAGE_STANDARD = gnu99;
				GCC_DYNAMIC_NO_PIC = NO;
				GCC_NO_COMMON_BLOCKS = YES;
				GCC_OPTIMIZATION_LEVEL = 0;
				GCC_PREPROCESSOR_DEFINITIONS = (
					"DEBUG=1",
					"$(inherited)",
				);
				GCC_WARN_64_TO_32_BIT_CONVERSION = YES;
				GCC_WARN_ABOUT_RETURN_TYPE = YES_ERROR;
				GCC_WARN_UNDECLARED_SELECTOR = YES;
				GCC_WARN_UNINITIALIZED_AUTOS = YES_AGGRESSIVE;
				GCC_WARN_UNUSED_FUNCTION = YES;
				GCC_WARN_UNUSED_VARIABLE = YES;
				IPHONEOS_DEPLOYMENT_TARGET = 10.0;
				MTL_ENABLE_DEBUG_INFO = YES;
				ONLY_ACTIVE_ARCH = YES;
				SDKROOT = iphoneos;
				SWIFT_ACTIVE_COMPILATION_CONDITIONS = DEBUG;
				SWIFT_OPTIMIZATION_LEVEL = "-Onone";
				SWIFT_VERSION = 5.0;
				TARGETED_DEVICE_FAMILY = "1,2";
				VERSIONING_SYSTEM = "apple-generic";
				VERSION_INFO_PREFIX = "";
			};
			name = Debug;
		};
		9E67AF03CC0553B0F41D327172A5D93F /* Release */ = {
			isa = XCBuildConfiguration;
			buildSettings = {
				ALWAYS_SEARCH_USER_PATHS = NO;
				CLANG_ANALYZER_LOCALIZABILITY_NONLOCALIZED = YES;
				CLANG_ANALYZER_NONNULL = YES;
				CLANG_ANALYZER_NUMBER_OBJECT_CONVERSION = YES_AGGRESSIVE;
				CLANG_CXX_LANGUAGE_STANDARD = "gnu++0x";
				CLANG_CXX_LIBRARY = "libc++";
				CLANG_ENABLE_MODULES = YES;
				CLANG_ENABLE_OBJC_ARC = YES;
				CLANG_WARN_BLOCK_CAPTURE_AUTORELEASING = YES;
				CLANG_WARN_BOOL_CONVERSION = YES;
				CLANG_WARN_COMMA = YES;
				CLANG_WARN_CONSTANT_CONVERSION = YES;
				CLANG_WARN_DEPRECATED_OBJC_IMPLEMENTATIONS = YES;
				CLANG_WARN_DIRECT_OBJC_ISA_USAGE = YES_ERROR;
				CLANG_WARN_DOCUMENTATION_COMMENTS = YES;
				CLANG_WARN_EMPTY_BODY = YES;
				CLANG_WARN_ENUM_CONVERSION = YES;
				CLANG_WARN_INFINITE_RECURSION = YES;
				CLANG_WARN_INT_CONVERSION = YES;
				CLANG_WARN_NON_LITERAL_NULL_CONVERSION = YES;
				CLANG_WARN_OBJC_IMPLICIT_RETAIN_SELF = YES;
				CLANG_WARN_OBJC_LITERAL_CONVERSION = YES;
				CLANG_WARN_OBJC_ROOT_CLASS = YES_ERROR;
				CLANG_WARN_QUOTED_INCLUDE_IN_FRAMEWORK_HEADER = YES;
				CLANG_WARN_RANGE_LOOP_ANALYSIS = YES;
				CLANG_WARN_STRICT_PROTOTYPES = YES;
				CLANG_WARN_SUSPICIOUS_MOVE = YES;
				CLANG_WARN_UNREACHABLE_CODE = YES;
				CLANG_WARN__DUPLICATE_METHOD_MATCH = YES;
				"CODE_SIGN_IDENTITY[sdk=iphoneos*]" = "iPhone Developer";
				COPY_PHASE_STRIP = NO;
				CURRENT_PROJECT_VERSION = 0.15.6;
				DEBUG_INFORMATION_FORMAT = "dwarf-with-dsym";
				DYLIB_COMPATIBILITY_VERSION = 0.15.6;
				DYLIB_CURRENT_VERSION = 0.15.6;
				ENABLE_NS_ASSERTIONS = NO;
				ENABLE_STRICT_OBJC_MSGSEND = YES;
				GCC_C_LANGUAGE_STANDARD = gnu99;
				GCC_NO_COMMON_BLOCKS = YES;
				GCC_WARN_64_TO_32_BIT_CONVERSION = YES;
				GCC_WARN_ABOUT_RETURN_TYPE = YES_ERROR;
				GCC_WARN_UNDECLARED_SELECTOR = YES;
				GCC_WARN_UNINITIALIZED_AUTOS = YES_AGGRESSIVE;
				GCC_WARN_UNUSED_FUNCTION = YES;
				GCC_WARN_UNUSED_VARIABLE = YES;
				IPHONEOS_DEPLOYMENT_TARGET = 10.0;
				MTL_ENABLE_DEBUG_INFO = NO;
				SDKROOT = iphoneos;
				SWIFT_OPTIMIZATION_LEVEL = "-Owholemodule";
				SWIFT_VERSION = 5.0;
				TARGETED_DEVICE_FAMILY = "1,2";
				VALIDATE_PRODUCT = YES;
				VERSIONING_SYSTEM = "apple-generic";
				VERSION_INFO_PREFIX = "";
			};
			name = Release;
		};
		ACBC85B6DB5B348D563C0AF5EEF69E6D /* Release */ = {
			isa = XCBuildConfiguration;
			baseConfigurationReference = E013684E684B20237AD01BD8EC07F482 /* Pods-SignificantSpices.release.xcconfig */;
			buildSettings = {
				CLANG_ENABLE_MODULES = YES;
				CODE_SIGN_IDENTITY = "";
				CURRENT_PROJECT_VERSION = 0.15.0;
				DEFINES_MODULE = YES;
				DEVELOPMENT_TEAM = 56W9E3974K;
				DYLIB_INSTALL_NAME_BASE = "@rpath";
				INFOPLIST_FILE = SignificantSpices/Info.plist;
				INSTALL_PATH = "$(LOCAL_LIBRARY_DIR)/Frameworks";
				LD_RUNPATH_SEARCH_PATHS = "$(inherited) @executable_path/Frameworks @loader_path/Frameworks";
				MARKETING_VERSION = 0.15.0;
				PRODUCT_BUNDLE_IDENTIFIER = resmio.SignificantSpices;
				PRODUCT_NAME = "$(TARGET_NAME)";
				SKIP_INSTALL = YES;
			};
			name = Release;
		};
		ACC72DD5271C591989270A04736EB0F7 /* Debug */ = {
			isa = XCBuildConfiguration;
			baseConfigurationReference = C952148BBB2362E72B92A6906D6EC7AE /* Pods-SignificantSpicesTests.debug.xcconfig */;
			buildSettings = {
				ALWAYS_EMBED_SWIFT_STANDARD_LIBRARIES = YES;
				DEVELOPMENT_TEAM = 56W9E3974K;
				INFOPLIST_FILE = SignificantSpicesTests/Info.plist;
				LD_RUNPATH_SEARCH_PATHS = "$(inherited) @executable_path/Frameworks @loader_path/Frameworks";
				PRODUCT_BUNDLE_IDENTIFIER = resmio.SignificantSpicesTests;
				PRODUCT_NAME = "$(TARGET_NAME)";
			};
			name = Debug;
		};
		CBB7B05837E7926768C51BD808978E0C /* Release */ = {
			isa = XCBuildConfiguration;
			baseConfigurationReference = BF92CF8FDA925C867BA680BAE86641E7 /* Pods-SignificantSpicesTests.release.xcconfig */;
			buildSettings = {
				ALWAYS_EMBED_SWIFT_STANDARD_LIBRARIES = YES;
				DEVELOPMENT_TEAM = 56W9E3974K;
				INFOPLIST_FILE = SignificantSpicesTests/Info.plist;
				LD_RUNPATH_SEARCH_PATHS = "$(inherited) @executable_path/Frameworks @loader_path/Frameworks";
				PRODUCT_BUNDLE_IDENTIFIER = resmio.SignificantSpicesTests;
				PRODUCT_NAME = "$(TARGET_NAME)";
			};
			name = Release;
		};
/* End XCBuildConfiguration section */

/* Begin XCConfigurationList section */
		559A49316E0DEBF4D41E13AC6BCBE4FE /* Build configuration list for PBXNativeTarget "SignificantSpicesTests" */ = {
			isa = XCConfigurationList;
			buildConfigurations = (
				ACC72DD5271C591989270A04736EB0F7 /* Debug */,
				CBB7B05837E7926768C51BD808978E0C /* Release */,
			);
			defaultConfigurationIsVisible = 0;
			defaultConfigurationName = Release;
		};
		55E428B837591F1514C40C89E5794A6E /* Build configuration list for PBXNativeTarget "SignificantSpices" */ = {
			isa = XCConfigurationList;
			buildConfigurations = (
				185BFAF706BA45E63D0220216B3C27E6 /* Debug */,
				ACBC85B6DB5B348D563C0AF5EEF69E6D /* Release */,
			);
			defaultConfigurationIsVisible = 0;
			defaultConfigurationName = Release;
		};
		D4C45C6DA1FAD580F4F0C61CEA27E459 /* Build configuration list for PBXProject "SignificantSpices" */ = {
			isa = XCConfigurationList;
			buildConfigurations = (
				8FF51EFB18BE0F1B393EA69403D78606 /* Debug */,
				9E67AF03CC0553B0F41D327172A5D93F /* Release */,
			);
			defaultConfigurationIsVisible = 0;
			defaultConfigurationName = Release;
		};
/* End XCConfigurationList section */
	};
	rootObject = 06817AF238B0060F18E05F6815AA498F /* Project object */;
}
