// !$*UTF8*$!
{
	archiveVersion = 1;
	classes = {
	};
	objectVersion = 46;
	objects = {

/* Begin PBXBuildFile section */
		14D4945E6C1AC78323E78152 /* Pods_SignificantSpices.framework in Frameworks */ = {isa = PBXBuildFile; fileRef = 0DF1F940F45DE650E5FB510D /* Pods_SignificantSpices.framework */; };
		31149A0C25A32C48E6EB9217 /* Pods_SignificantSpicesTests.framework in Frameworks */ = {isa = PBXBuildFile; fileRef = 719D3602DBB96C3ABE4F0871 /* Pods_SignificantSpicesTests.framework */; };
		5E41E9911F38B2890088339B /* SignificantSpices.framework in Frameworks */ = {isa = PBXBuildFile; fileRef = 5E41E9871F38B2890088339B /* SignificantSpices.framework */; };
		5E41E9961F38B2890088339B /* SignificantSpicesTests.swift in Sources */ = {isa = PBXBuildFile; fileRef = 5E41E9951F38B2890088339B /* SignificantSpicesTests.swift */; };
		5E41E9981F38B2890088339B /* SignificantSpices.h in Headers */ = {isa = PBXBuildFile; fileRef = 5E41E98A1F38B2890088339B /* SignificantSpices.h */; settings = {ATTRIBUTES = (Public, ); }; };
/* End PBXBuildFile section */

/* Begin PBXContainerItemProxy section */
		5E41E9921F38B2890088339B /* PBXContainerItemProxy */ = {
			isa = PBXContainerItemProxy;
			containerPortal = 5E41E97E1F38B2890088339B /* Project object */;
			proxyType = 1;
			remoteGlobalIDString = 5E41E9861F38B2890088339B;
			remoteInfo = SignificantSpices;
		};
/* End PBXContainerItemProxy section */

/* Begin PBXFileReference section */
		0DF1F940F45DE650E5FB510D /* Pods_SignificantSpices.framework */ = {isa = PBXFileReference; explicitFileType = wrapper.framework; includeInIndex = 0; path = Pods_SignificantSpices.framework; sourceTree = BUILT_PRODUCTS_DIR; };
		538A384CBE81798A398CD1D7 /* Pods-SignificantSpicesTests.debug.xcconfig */ = {isa = PBXFileReference; includeInIndex = 1; lastKnownFileType = text.xcconfig; name = "Pods-SignificantSpicesTests.debug.xcconfig"; path = "Pods/Target Support Files/Pods-SignificantSpicesTests/Pods-SignificantSpicesTests.debug.xcconfig"; sourceTree = "<group>"; };
		556B9E3A2B688C88F9CAC440 /* Pods-SignificantSpicesTests.release.xcconfig */ = {isa = PBXFileReference; includeInIndex = 1; lastKnownFileType = text.xcconfig; name = "Pods-SignificantSpicesTests.release.xcconfig"; path = "Pods/Target Support Files/Pods-SignificantSpicesTests/Pods-SignificantSpicesTests.release.xcconfig"; sourceTree = "<group>"; };
		5E41E9871F38B2890088339B /* SignificantSpices.framework */ = {isa = PBXFileReference; explicitFileType = wrapper.framework; includeInIndex = 0; path = SignificantSpices.framework; sourceTree = BUILT_PRODUCTS_DIR; };
		5E41E98A1F38B2890088339B /* SignificantSpices.h */ = {isa = PBXFileReference; lastKnownFileType = sourcecode.c.h; path = SignificantSpices.h; sourceTree = "<group>"; };
		5E41E98B1F38B2890088339B /* Info.plist */ = {isa = PBXFileReference; lastKnownFileType = text.plist.xml; path = Info.plist; sourceTree = "<group>"; };
		5E41E9901F38B2890088339B /* SignificantSpicesTests.xctest */ = {isa = PBXFileReference; explicitFileType = wrapper.cfbundle; includeInIndex = 0; path = SignificantSpicesTests.xctest; sourceTree = BUILT_PRODUCTS_DIR; };
		5E41E9951F38B2890088339B /* SignificantSpicesTests.swift */ = {isa = PBXFileReference; lastKnownFileType = sourcecode.swift; path = SignificantSpicesTests.swift; sourceTree = "<group>"; };
		5E41E9971F38B2890088339B /* Info.plist */ = {isa = PBXFileReference; lastKnownFileType = text.plist.xml; path = Info.plist; sourceTree = "<group>"; };
		719D3602DBB96C3ABE4F0871 /* Pods_SignificantSpicesTests.framework */ = {isa = PBXFileReference; explicitFileType = wrapper.framework; includeInIndex = 0; path = Pods_SignificantSpicesTests.framework; sourceTree = BUILT_PRODUCTS_DIR; };
		8CC64B7948FEC3DE5282E836 /* Pods-SignificantSpices.debug.xcconfig */ = {isa = PBXFileReference; includeInIndex = 1; lastKnownFileType = text.xcconfig; name = "Pods-SignificantSpices.debug.xcconfig"; path = "Pods/Target Support Files/Pods-SignificantSpices/Pods-SignificantSpices.debug.xcconfig"; sourceTree = "<group>"; };
		FF10B866B941E87DC73F97D0 /* Pods-SignificantSpices.release.xcconfig */ = {isa = PBXFileReference; includeInIndex = 1; lastKnownFileType = text.xcconfig; name = "Pods-SignificantSpices.release.xcconfig"; path = "Pods/Target Support Files/Pods-SignificantSpices/Pods-SignificantSpices.release.xcconfig"; sourceTree = "<group>"; };
/* End PBXFileReference section */

/* Begin PBXFrameworksBuildPhase section */
		5E41E9831F38B2890088339B /* Frameworks */ = {
			isa = PBXFrameworksBuildPhase;
			buildActionMask = 2147483647;
			files = (
				14D4945E6C1AC78323E78152 /* Pods_SignificantSpices.framework in Frameworks */,
			);
			runOnlyForDeploymentPostprocessing = 0;
		};
		5E41E98D1F38B2890088339B /* Frameworks */ = {
			isa = PBXFrameworksBuildPhase;
			buildActionMask = 2147483647;
			files = (
				5E41E9911F38B2890088339B /* SignificantSpices.framework in Frameworks */,
				31149A0C25A32C48E6EB9217 /* Pods_SignificantSpicesTests.framework in Frameworks */,
			);
			runOnlyForDeploymentPostprocessing = 0;
		};
/* End PBXFrameworksBuildPhase section */

/* Begin PBXGroup section */
		5E41E97D1F38B2890088339B = {
			isa = PBXGroup;
			children = (
				5E41E9891F38B2890088339B /* SignificantSpices */,
				5E41E9941F38B2890088339B /* SignificantSpicesTests */,
				5E41E9881F38B2890088339B /* Products */,
				AAE4684BEECF0CC5C6A96D00 /* Pods */,
				7F7BADE2B4861E6E2E0029FC /* Frameworks */,
			);
			sourceTree = "<group>";
		};
		5E41E9881F38B2890088339B /* Products */ = {
			isa = PBXGroup;
			children = (
				5E41E9871F38B2890088339B /* SignificantSpices.framework */,
				5E41E9901F38B2890088339B /* SignificantSpicesTests.xctest */,
			);
			name = Products;
			sourceTree = "<group>";
		};
		5E41E9891F38B2890088339B /* SignificantSpices */ = {
			isa = PBXGroup;
			children = (
				5E41E98A1F38B2890088339B /* SignificantSpices.h */,
				5E41E98B1F38B2890088339B /* Info.plist */,
			);
			path = SignificantSpices;
			sourceTree = "<group>";
		};
		5E41E9941F38B2890088339B /* SignificantSpicesTests */ = {
			isa = PBXGroup;
			children = (
				5E41E9951F38B2890088339B /* SignificantSpicesTests.swift */,
				5E41E9971F38B2890088339B /* Info.plist */,
			);
			path = SignificantSpicesTests;
			sourceTree = "<group>";
		};
		7F7BADE2B4861E6E2E0029FC /* Frameworks */ = {
			isa = PBXGroup;
			children = (
				0DF1F940F45DE650E5FB510D /* Pods_SignificantSpices.framework */,
				719D3602DBB96C3ABE4F0871 /* Pods_SignificantSpicesTests.framework */,
			);
			name = Frameworks;
			sourceTree = "<group>";
		};
		AAE4684BEECF0CC5C6A96D00 /* Pods */ = {
			isa = PBXGroup;
			children = (
				8CC64B7948FEC3DE5282E836 /* Pods-SignificantSpices.debug.xcconfig */,
				FF10B866B941E87DC73F97D0 /* Pods-SignificantSpices.release.xcconfig */,
				538A384CBE81798A398CD1D7 /* Pods-SignificantSpicesTests.debug.xcconfig */,
				556B9E3A2B688C88F9CAC440 /* Pods-SignificantSpicesTests.release.xcconfig */,
			);
			name = Pods;
			sourceTree = "<group>";
		};
/* End PBXGroup section */

/* Begin PBXHeadersBuildPhase section */
		5E41E9841F38B2890088339B /* Headers */ = {
			isa = PBXHeadersBuildPhase;
			buildActionMask = 2147483647;
			files = (
				5E41E9981F38B2890088339B /* SignificantSpices.h in Headers */,
			);
			runOnlyForDeploymentPostprocessing = 0;
		};
/* End PBXHeadersBuildPhase section */

/* Begin PBXNativeTarget section */
		5E41E9861F38B2890088339B /* SignificantSpices */ = {
			isa = PBXNativeTarget;
			buildConfigurationList = 5E41E99B1F38B2890088339B /* Build configuration list for PBXNativeTarget "SignificantSpices" */;
			buildPhases = (
				08B4FDEDCB3D9046272C75B0 /* [CP] Check Pods Manifest.lock */,
				5E41E9821F38B2890088339B /* Sources */,
				5E41E9831F38B2890088339B /* Frameworks */,
				5E41E9841F38B2890088339B /* Headers */,
				5E41E9851F38B2890088339B /* Resources */,
				A7A82269844C8619E2455F84 /* [CP] Copy Pods Resources */,
			);
			buildRules = (
			);
			dependencies = (
			);
			name = SignificantSpices;
			productName = SignificantSpices;
			productReference = 5E41E9871F38B2890088339B /* SignificantSpices.framework */;
			productType = "com.apple.product-type.framework";
		};
		5E41E98F1F38B2890088339B /* SignificantSpicesTests */ = {
			isa = PBXNativeTarget;
			buildConfigurationList = 5E41E99E1F38B2890088339B /* Build configuration list for PBXNativeTarget "SignificantSpicesTests" */;
			buildPhases = (
				465C324CD6550C37E03563F5 /* [CP] Check Pods Manifest.lock */,
				5E41E98C1F38B2890088339B /* Sources */,
				5E41E98D1F38B2890088339B /* Frameworks */,
				5E41E98E1F38B2890088339B /* Resources */,
				93EA88545E516AADF8DF3E58 /* [CP] Embed Pods Frameworks */,
				00C66A5BE63E42D318B9842D /* [CP] Copy Pods Resources */,
			);
			buildRules = (
			);
			dependencies = (
				5E41E9931F38B2890088339B /* PBXTargetDependency */,
			);
			name = SignificantSpicesTests;
			productName = SignificantSpicesTests;
			productReference = 5E41E9901F38B2890088339B /* SignificantSpicesTests.xctest */;
			productType = "com.apple.product-type.bundle.unit-test";
		};
/* End PBXNativeTarget section */

/* Begin PBXProject section */
		5E41E97E1F38B2890088339B /* Project object */ = {
			isa = PBXProject;
			attributes = {
				LastSwiftUpdateCheck = 0830;
				LastUpgradeCheck = 0830;
				ORGANIZATIONNAME = resmio;
				TargetAttributes = {
					5E41E9861F38B2890088339B = {
						CreatedOnToolsVersion = 8.3.3;
						DevelopmentTeam = 56W9E3974K;
						ProvisioningStyle = Automatic;
					};
					5E41E98F1F38B2890088339B = {
						CreatedOnToolsVersion = 8.3.3;
						DevelopmentTeam = 56W9E3974K;
						ProvisioningStyle = Automatic;
					};
				};
			};
			buildConfigurationList = 5E41E9811F38B2890088339B /* Build configuration list for PBXProject "SignificantSpices" */;
			compatibilityVersion = "Xcode 3.2";
			developmentRegion = English;
			hasScannedForEncodings = 0;
			knownRegions = (
				en,
			);
			mainGroup = 5E41E97D1F38B2890088339B;
			productRefGroup = 5E41E9881F38B2890088339B /* Products */;
			projectDirPath = "";
			projectRoot = "";
			targets = (
				5E41E9861F38B2890088339B /* SignificantSpices */,
				5E41E98F1F38B2890088339B /* SignificantSpicesTests */,
			);
		};
/* End PBXProject section */

/* Begin PBXResourcesBuildPhase section */
		5E41E9851F38B2890088339B /* Resources */ = {
			isa = PBXResourcesBuildPhase;
			buildActionMask = 2147483647;
			files = (
			);
			runOnlyForDeploymentPostprocessing = 0;
		};
		5E41E98E1F38B2890088339B /* Resources */ = {
			isa = PBXResourcesBuildPhase;
			buildActionMask = 2147483647;
			files = (
			);
			runOnlyForDeploymentPostprocessing = 0;
		};
/* End PBXResourcesBuildPhase section */

/* Begin PBXShellScriptBuildPhase section */
		00C66A5BE63E42D318B9842D /* [CP] Copy Pods Resources */ = {
			isa = PBXShellScriptBuildPhase;
			buildActionMask = 2147483647;
			files = (
			);
			inputPaths = (
			);
			name = "[CP] Copy Pods Resources";
			outputPaths = (
			);
			runOnlyForDeploymentPostprocessing = 0;
			shellPath = /bin/sh;
			shellScript = "\"${SRCROOT}/Pods/Target Support Files/Pods-SignificantSpicesTests/Pods-SignificantSpicesTests-resources.sh\"\n";
			showEnvVarsInLog = 0;
		};
		08B4FDEDCB3D9046272C75B0 /* [CP] Check Pods Manifest.lock */ = {
			isa = PBXShellScriptBuildPhase;
			buildActionMask = 2147483647;
			files = (
			);
			inputPaths = (
			);
			name = "[CP] Check Pods Manifest.lock";
			outputPaths = (
			);
			runOnlyForDeploymentPostprocessing = 0;
			shellPath = /bin/sh;
			shellScript = "diff \"${PODS_ROOT}/../Podfile.lock\" \"${PODS_ROOT}/Manifest.lock\" > /dev/null\nif [ $? != 0 ] ; then\n    # print error to STDERR\n    echo \"error: The sandbox is not in sync with the Podfile.lock. Run 'pod install' or update your CocoaPods installation.\" >&2\n    exit 1\nfi\n";
			showEnvVarsInLog = 0;
		};
		465C324CD6550C37E03563F5 /* [CP] Check Pods Manifest.lock */ = {
			isa = PBXShellScriptBuildPhase;
			buildActionMask = 2147483647;
			files = (
			);
			inputPaths = (
			);
			name = "[CP] Check Pods Manifest.lock";
			outputPaths = (
			);
			runOnlyForDeploymentPostprocessing = 0;
			shellPath = /bin/sh;
			shellScript = "diff \"${PODS_ROOT}/../Podfile.lock\" \"${PODS_ROOT}/Manifest.lock\" > /dev/null\nif [ $? != 0 ] ; then\n    # print error to STDERR\n    echo \"error: The sandbox is not in sync with the Podfile.lock. Run 'pod install' or update your CocoaPods installation.\" >&2\n    exit 1\nfi\n";
			showEnvVarsInLog = 0;
		};
		93EA88545E516AADF8DF3E58 /* [CP] Embed Pods Frameworks */ = {
			isa = PBXShellScriptBuildPhase;
			buildActionMask = 2147483647;
			files = (
			);
			inputPaths = (
			);
			name = "[CP] Embed Pods Frameworks";
			outputPaths = (
			);
			runOnlyForDeploymentPostprocessing = 0;
			shellPath = /bin/sh;
			shellScript = "\"${SRCROOT}/Pods/Target Support Files/Pods-SignificantSpicesTests/Pods-SignificantSpicesTests-frameworks.sh\"\n";
			showEnvVarsInLog = 0;
		};
		A7A82269844C8619E2455F84 /* [CP] Copy Pods Resources */ = {
			isa = PBXShellScriptBuildPhase;
			buildActionMask = 2147483647;
			files = (
			);
			inputPaths = (
			);
			name = "[CP] Copy Pods Resources";
			outputPaths = (
			);
			runOnlyForDeploymentPostprocessing = 0;
			shellPath = /bin/sh;
			shellScript = "\"${SRCROOT}/Pods/Target Support Files/Pods-SignificantSpices/Pods-SignificantSpices-resources.sh\"\n";
			showEnvVarsInLog = 0;
		};
/* End PBXShellScriptBuildPhase section */

/* Begin PBXSourcesBuildPhase section */
		5E41E9821F38B2890088339B /* Sources */ = {
			isa = PBXSourcesBuildPhase;
			buildActionMask = 2147483647;
			files = (
			);
			runOnlyForDeploymentPostprocessing = 0;
		};
		5E41E98C1F38B2890088339B /* Sources */ = {
			isa = PBXSourcesBuildPhase;
			buildActionMask = 2147483647;
			files = (
				5E41E9961F38B2890088339B /* SignificantSpicesTests.swift in Sources */,
			);
			runOnlyForDeploymentPostprocessing = 0;
		};
/* End PBXSourcesBuildPhase section */

/* Begin PBXTargetDependency section */
		5E41E9931F38B2890088339B /* PBXTargetDependency */ = {
			isa = PBXTargetDependency;
			target = 5E41E9861F38B2890088339B /* SignificantSpices */;
			targetProxy = 5E41E9921F38B2890088339B /* PBXContainerItemProxy */;
		};
/* End PBXTargetDependency section */

/* Begin XCBuildConfiguration section */
		5E41E9991F38B2890088339B /* Debug */ = {
			isa = XCBuildConfiguration;
			buildSettings = {
				ALWAYS_SEARCH_USER_PATHS = NO;
				CLANG_ANALYZER_NONNULL = YES;
				CLANG_ANALYZER_NUMBER_OBJECT_CONVERSION = YES_AGGRESSIVE;
				CLANG_CXX_LANGUAGE_STANDARD = "gnu++0x";
				CLANG_CXX_LIBRARY = "libc++";
				CLANG_ENABLE_MODULES = YES;
				CLANG_ENABLE_OBJC_ARC = YES;
				CLANG_WARN_BOOL_CONVERSION = YES;
				CLANG_WARN_CONSTANT_CONVERSION = YES;
				CLANG_WARN_DIRECT_OBJC_ISA_USAGE = YES_ERROR;
				CLANG_WARN_DOCUMENTATION_COMMENTS = YES;
				CLANG_WARN_EMPTY_BODY = YES;
				CLANG_WARN_ENUM_CONVERSION = YES;
				CLANG_WARN_INFINITE_RECURSION = YES;
				CLANG_WARN_INT_CONVERSION = YES;
				CLANG_WARN_OBJC_ROOT_CLASS = YES_ERROR;
				CLANG_WARN_SUSPICIOUS_MOVE = YES;
				CLANG_WARN_UNREACHABLE_CODE = YES;
				CLANG_WARN__DUPLICATE_METHOD_MATCH = YES;
				"CODE_SIGN_IDENTITY[sdk=iphoneos*]" = "iPhone Developer";
				COPY_PHASE_STRIP = NO;
				CURRENT_PROJECT_VERSION = 1;
				DEBUG_INFORMATION_FORMAT = dwarf;
				ENABLE_STRICT_OBJC_MSGSEND = YES;
				ENABLE_TESTABILITY = YES;
				GCC_C_LANGUAGE_STANDARD = gnu99;
				GCC_DYNAMIC_NO_PIC = NO;
				GCC_NO_COMMON_BLOCKS = YES;
				GCC_OPTIMIZATION_LEVEL = 0;
				GCC_PREPROCESSOR_DEFINITIONS = (
					"DEBUG=1",
					"$(inherited)",
				);
				GCC_WARN_64_TO_32_BIT_CONVERSION = YES;
				GCC_WARN_ABOUT_RETURN_TYPE = YES_ERROR;
				GCC_WARN_UNDECLARED_SELECTOR = YES;
				GCC_WARN_UNINITIALIZED_AUTOS = YES_AGGRESSIVE;
				GCC_WARN_UNUSED_FUNCTION = YES;
				GCC_WARN_UNUSED_VARIABLE = YES;
				IPHONEOS_DEPLOYMENT_TARGET = 10.3;
				MTL_ENABLE_DEBUG_INFO = YES;
				ONLY_ACTIVE_ARCH = YES;
				SDKROOT = iphoneos;
				SWIFT_ACTIVE_COMPILATION_CONDITIONS = DEBUG;
				SWIFT_OPTIMIZATION_LEVEL = "-Onone";
				TARGETED_DEVICE_FAMILY = "1,2";
				VERSIONING_SYSTEM = "apple-generic";
				VERSION_INFO_PREFIX = "";
			};
			name = Debug;
		};
		5E41E99A1F38B2890088339B /* Release */ = {
			isa = XCBuildConfiguration;
			buildSettings = {
				ALWAYS_SEARCH_USER_PATHS = NO;
				CLANG_ANALYZER_NONNULL = YES;
				CLANG_ANALYZER_NUMBER_OBJECT_CONVERSION = YES_AGGRESSIVE;
				CLANG_CXX_LANGUAGE_STANDARD = "gnu++0x";
				CLANG_CXX_LIBRARY = "libc++";
				CLANG_ENABLE_MODULES = YES;
				CLANG_ENABLE_OBJC_ARC = YES;
				CLANG_WARN_BOOL_CONVERSION = YES;
				CLANG_WARN_CONSTANT_CONVERSION = YES;
				CLANG_WARN_DIRECT_OBJC_ISA_USAGE = YES_ERROR;
				CLANG_WARN_DOCUMENTATION_COMMENTS = YES;
				CLANG_WARN_EMPTY_BODY = YES;
				CLANG_WARN_ENUM_CONVERSION = YES;
				CLANG_WARN_INFINITE_RECURSION = YES;
				CLANG_WARN_INT_CONVERSION = YES;
				CLANG_WARN_OBJC_ROOT_CLASS = YES_ERROR;
				CLANG_WARN_SUSPICIOUS_MOVE = YES;
				CLANG_WARN_UNREACHABLE_CODE = YES;
				CLANG_WARN__DUPLICATE_METHOD_MATCH = YES;
				"CODE_SIGN_IDENTITY[sdk=iphoneos*]" = "iPhone Developer";
				COPY_PHASE_STRIP = NO;
				CURRENT_PROJECT_VERSION = 1;
				DEBUG_INFORMATION_FORMAT = "dwarf-with-dsym";
				ENABLE_NS_ASSERTIONS = NO;
				ENABLE_STRICT_OBJC_MSGSEND = YES;
				GCC_C_LANGUAGE_STANDARD = gnu99;
				GCC_NO_COMMON_BLOCKS = YES;
				GCC_WARN_64_TO_32_BIT_CONVERSION = YES;
				GCC_WARN_ABOUT_RETURN_TYPE = YES_ERROR;
				GCC_WARN_UNDECLARED_SELECTOR = YES;
				GCC_WARN_UNINITIALIZED_AUTOS = YES_AGGRESSIVE;
				GCC_WARN_UNUSED_FUNCTION = YES;
				GCC_WARN_UNUSED_VARIABLE = YES;
				IPHONEOS_DEPLOYMENT_TARGET = 10.3;
				MTL_ENABLE_DEBUG_INFO = NO;
				SDKROOT = iphoneos;
				SWIFT_OPTIMIZATION_LEVEL = "-Owholemodule";
				TARGETED_DEVICE_FAMILY = "1,2";
				VALIDATE_PRODUCT = YES;
				VERSIONING_SYSTEM = "apple-generic";
				VERSION_INFO_PREFIX = "";
			};
			name = Release;
		};
		5E41E99C1F38B2890088339B /* Debug */ = {
			isa = XCBuildConfiguration;
			baseConfigurationReference = 8CC64B7948FEC3DE5282E836 /* Pods-SignificantSpices.debug.xcconfig */;
			buildSettings = {
				CODE_SIGN_IDENTITY = "";
				DEFINES_MODULE = YES;
				DEVELOPMENT_TEAM = 56W9E3974K;
				DYLIB_COMPATIBILITY_VERSION = 1;
				DYLIB_CURRENT_VERSION = 1;
				DYLIB_INSTALL_NAME_BASE = "@rpath";
				INFOPLIST_FILE = SignificantSpices/Info.plist;
				INSTALL_PATH = "$(LOCAL_LIBRARY_DIR)/Frameworks";
				LD_RUNPATH_SEARCH_PATHS = "$(inherited) @executable_path/Frameworks @loader_path/Frameworks";
				PRODUCT_BUNDLE_IDENTIFIER = resmio.SignificantSpices;
				PRODUCT_NAME = "$(TARGET_NAME)";
				SKIP_INSTALL = YES;
				SWIFT_VERSION = 3.0;
			};
			name = Debug;
		};
		5E41E99D1F38B2890088339B /* Release */ = {
			isa = XCBuildConfiguration;
			baseConfigurationReference = FF10B866B941E87DC73F97D0 /* Pods-SignificantSpices.release.xcconfig */;
			buildSettings = {
				CODE_SIGN_IDENTITY = "";
				DEFINES_MODULE = YES;
				DEVELOPMENT_TEAM = 56W9E3974K;
				DYLIB_COMPATIBILITY_VERSION = 1;
				DYLIB_CURRENT_VERSION = 1;
				DYLIB_INSTALL_NAME_BASE = "@rpath";
				INFOPLIST_FILE = SignificantSpices/Info.plist;
				INSTALL_PATH = "$(LOCAL_LIBRARY_DIR)/Frameworks";
				LD_RUNPATH_SEARCH_PATHS = "$(inherited) @executable_path/Frameworks @loader_path/Frameworks";
				PRODUCT_BUNDLE_IDENTIFIER = resmio.SignificantSpices;
				PRODUCT_NAME = "$(TARGET_NAME)";
				SKIP_INSTALL = YES;
				SWIFT_VERSION = 3.0;
			};
			name = Release;
		};
		5E41E99F1F38B2890088339B /* Debug */ = {
			isa = XCBuildConfiguration;
			baseConfigurationReference = 538A384CBE81798A398CD1D7 /* Pods-SignificantSpicesTests.debug.xcconfig */;
			buildSettings = {
				DEVELOPMENT_TEAM = 56W9E3974K;
				INFOPLIST_FILE = SignificantSpicesTests/Info.plist;
				LD_RUNPATH_SEARCH_PATHS = "$(inherited) @executable_path/Frameworks @loader_path/Frameworks";
				PRODUCT_BUNDLE_IDENTIFIER = resmio.SignificantSpicesTests;
				PRODUCT_NAME = "$(TARGET_NAME)";
				SWIFT_VERSION = 3.0;
			};
			name = Debug;
		};
		5E41E9A01F38B2890088339B /* Release */ = {
			isa = XCBuildConfiguration;
			baseConfigurationReference = 556B9E3A2B688C88F9CAC440 /* Pods-SignificantSpicesTests.release.xcconfig */;
			buildSettings = {
				DEVELOPMENT_TEAM = 56W9E3974K;
				INFOPLIST_FILE = SignificantSpicesTests/Info.plist;
				LD_RUNPATH_SEARCH_PATHS = "$(inherited) @executable_path/Frameworks @loader_path/Frameworks";
				PRODUCT_BUNDLE_IDENTIFIER = resmio.SignificantSpicesTests;
				PRODUCT_NAME = "$(TARGET_NAME)";
				SWIFT_VERSION = 3.0;
			};
			name = Release;
		};
/* End XCBuildConfiguration section */

/* Begin XCConfigurationList section */
		5E41E9811F38B2890088339B /* Build configuration list for PBXProject "SignificantSpices" */ = {
			isa = XCConfigurationList;
			buildConfigurations = (
				5E41E9991F38B2890088339B /* Debug */,
				5E41E99A1F38B2890088339B /* Release */,
			);
			defaultConfigurationIsVisible = 0;
			defaultConfigurationName = Release;
		};
		5E41E99B1F38B2890088339B /* Build configuration list for PBXNativeTarget "SignificantSpices" */ = {
			isa = XCConfigurationList;
			buildConfigurations = (
				5E41E99C1F38B2890088339B /* Debug */,
				5E41E99D1F38B2890088339B /* Release */,
			);
			defaultConfigurationIsVisible = 0;
		};
		5E41E99E1F38B2890088339B /* Build configuration list for PBXNativeTarget "SignificantSpicesTests" */ = {
			isa = XCConfigurationList;
			buildConfigurations = (
				5E41E99F1F38B2890088339B /* Debug */,
				5E41E9A01F38B2890088339B /* Release */,
			);
			defaultConfigurationIsVisible = 0;
		};
/* End XCConfigurationList section */
	};
	rootObject = 5E41E97E1F38B2890088339B /* Project object */;
}
